
Microsoft Visual Studio Solution File, Format Version 12.00
# Visual Studio Version 17
VisualStudioVersion = 17.6.33723.286
MinimumVisualStudioVersion = 10.0.40219.1
Project("{FAE04EC0-301F-11D3-BF4B-00C04F79EFBC}") = "PR 5 Toetsenspion", "PR 5 Toetsenspion\PR 5 Toetsenspion.csproj", "{16F20CD4-B985-43B2-B401-C907AF058407}"
EndProject
Global
	GlobalSection(SolutionConfigurationPlatforms) = preSolution
		Debug|Any CPU = Debug|Any CPU
		Release|Any CPU = Release|Any CPU
	EndGlobalSection
	GlobalSection(ProjectConfigurationPlatforms) = postSolution
		{16F20CD4-B985-43B2-B401-C907AF058407}.Debug|Any CPU.ActiveCfg = Debug|Any CPU
		{16F20CD4-B985-43B2-B401-C907AF058407}.Debug|Any CPU.Build.0 = Debug|Any CPU
		{16F20CD4-B985-43B2-B401-C907AF058407}.Release|Any CPU.ActiveCfg = Release|Any CPU
		{16F20CD4-B985-43B2-B401-C907AF058407}.Release|Any CPU.Build.0 = Release|Any CPU
	EndGlobalSection
	GlobalSection(SolutionProperties) = preSolution
		HideSolutionNode = FALSE
	EndGlobalSection
	GlobalSection(ExtensibilityGlobals) = postSolution
		SolutionGuid = {4DD46D80-C7BA-45CF-B544-DB178E670282}
	EndGlobalSection
EndGlobal
